
Microsoft Visual Studio Solution File, Format Version 12.00
# Visual Studio 2012
Project("{8BC9CEB8-8B4A-11D0-8D11-00A0C91BC942}") = "DataStructures", "DataStructures\DataStructures.vcxproj", "{2B56E862-0D14-4250-9792-821A88A28A6D}"
EndProject
Global
	GlobalSection(SolutionConfigurationPlatforms) = preSolution
		Debug|Win32 = Debug|Win32
		Release|Win32 = Release|Win32
	EndGlobalSection
	GlobalSection(ProjectConfigurationPlatforms) = postSolution
		{2B56E862-0D14-4250-9792-821A88A28A6D}.Debug|Win32.ActiveCfg = Debug|Win32
		{2B56E862-0D14-4250-9792-821A88A28A6D}.Debug|Win32.Build.0 = Debug|Win32
		{2B56E862-0D14-4250-9792-821A88A28A6D}.Release|Win32.ActiveCfg = Release|Win32
		{2B56E862-0D14-4250-9792-821A88A28A6D}.Release|Win32.Build.0 = Release|Win32
	EndGlobalSection
	GlobalSection(SolutionProperties) = preSolution
		HideSolutionNode = FALSE
	EndGlobalSection
EndGlobal
